
Microsoft Visual Studio Solution File, Format Version 12.00
# Visual Studio 15
VisualStudioVersion = 15.0.28307.271
MinimumVisualStudioVersion = 10.0.40219.1
Project("{FAE04EC0-301F-11D3-BF4B-00C04F79EFBC}") = "1to100_IS", "1to100_IS\1to100_IS.csproj", "{BACD8A25-2361-4781-8D2B-B0AAE23B73C3}"
EndProject
Global
	GlobalSection(SolutionConfigurationPlatforms) = preSolution
		Debug|Any CPU = Debug|Any CPU
		Release|Any CPU = Release|Any CPU
	EndGlobalSection
	GlobalSection(ProjectConfigurationPlatforms) = postSolution
		{BACD8A25-2361-4781-8D2B-B0AAE23B73C3}.Debug|Any CPU.ActiveCfg = Debug|Any CPU
		{BACD8A25-2361-4781-8D2B-B0AAE23B73C3}.Debug|Any CPU.Build.0 = Debug|Any CPU
		{BACD8A25-2361-4781-8D2B-B0AAE23B73C3}.Release|Any CPU.ActiveCfg = Release|Any CPU
		{BACD8A25-2361-4781-8D2B-B0AAE23B73C3}.Release|Any CPU.Build.0 = Release|Any CPU
	EndGlobalSection
	GlobalSection(SolutionProperties) = preSolution
		HideSolutionNode = FALSE
	EndGlobalSection
	GlobalSection(ExtensibilityGlobals) = postSolution
		SolutionGuid = {ED1099ED-4243-4B3B-B508-E2297945906B}
	EndGlobalSection
EndGlobal
